
Microsoft Visual Studio Solution File, Format Version 12.00
# Visual Studio Version 17
VisualStudioVersion = 17.11.35327.3
MinimumVisualStudioVersion = 10.0.40219.1
Project("{FAE04EC0-301F-11D3-BF4B-00C04F79EFBC}") = "labmids_ques2", "labmids_ques2\labmids_ques2.csproj", "{516C89F0-CF38-49EA-957C-6A7F1178D520}"
EndProject
Project("{FAE04EC0-301F-11D3-BF4B-00C04F79EFBC}") = "LabMids_ques3", "LabMids_ques3\LabMids_ques3.csproj", "{F6AC2A2F-929A-4488-86AD-6974E69DA99F}"
EndProject
Global
	GlobalSection(SolutionConfigurationPlatforms) = preSolution
		Debug|Any CPU = Debug|Any CPU
		Release|Any CPU = Release|Any CPU
	EndGlobalSection
	GlobalSection(ProjectConfigurationPlatforms) = postSolution
		{516C89F0-CF38-49EA-957C-6A7F1178D520}.Debug|Any CPU.ActiveCfg = Debug|Any CPU
		{516C89F0-CF38-49EA-957C-6A7F1178D520}.Debug|Any CPU.Build.0 = Debug|Any CPU
		{516C89F0-CF38-49EA-957C-6A7F1178D520}.Release|Any CPU.ActiveCfg = Release|Any CPU
		{516C89F0-CF38-49EA-957C-6A7F1178D520}.Release|Any CPU.Build.0 = Release|Any CPU
		{F6AC2A2F-929A-4488-86AD-6974E69DA99F}.Debug|Any CPU.ActiveCfg = Debug|Any CPU
		{F6AC2A2F-929A-4488-86AD-6974E69DA99F}.Debug|Any CPU.Build.0 = Debug|Any CPU
		{F6AC2A2F-929A-4488-86AD-6974E69DA99F}.Release|Any CPU.ActiveCfg = Release|Any CPU
		{F6AC2A2F-929A-4488-86AD-6974E69DA99F}.Release|Any CPU.Build.0 = Release|Any CPU
	EndGlobalSection
	GlobalSection(SolutionProperties) = preSolution
		HideSolutionNode = FALSE
	EndGlobalSection
	GlobalSection(ExtensibilityGlobals) = postSolution
		SolutionGuid = {3A882159-06F3-47DF-922D-1EB42516A517}
	EndGlobalSection
EndGlobal
